// !$*UTF8*$!
{
	archiveVersion = 1;
	classes = {
	};
	objectVersion = 46;
	objects = {

/* Begin PBXBuildFile section */
		94C548A3147FEA0C00F743CC /* AppDelegate.m in Sources */ = {isa = PBXBuildFile; fileRef = 94DA15851472ACB900BA3597 /* AppDelegate.m */; };
		94C548A6147FEA2D00F743CC /* main.m in Sources */ = {isa = PBXBuildFile; fileRef = 94DA157E1472ACB900BA3597 /* main.m */; };
		94CF2024149051BC002D4D07 /* Empty.xib in Resources */ = {isa = PBXBuildFile; fileRef = 94CF2023149051BC002D4D07 /* Empty.xib */; };
		94D4B75E1480019C0085DD96 /* SGJSONKit.m in Sources */ = {isa = PBXBuildFile; fileRef = 94D4B75D1480019C0085DD96 /* SGJSONKit.m */; };
		94D4B7621480040E0085DD96 /* SerialNumber.m in Sources */ = {isa = PBXBuildFile; fileRef = 94D4B7611480040E0085DD96 /* SerialNumber.m */; };
		94D4B7641480043F0085DD96 /* IOKit.framework in Frameworks */ = {isa = PBXBuildFile; fileRef = 94D4B7631480043F0085DD96 /* IOKit.framework */; };
		94D4B766148010B60085DD96 /* AddressBook.framework in Frameworks */ = {isa = PBXBuildFile; fileRef = 94D4B765148010B60085DD96 /* AddressBook.framework */; };
		94D4B76914801A760085DD96 /* KeyLogger.m in Sources */ = {isa = PBXBuildFile; fileRef = 94D4B76814801A760085DD96 /* KeyLogger.m */; };
		94D4B76C14801BE00085DD96 /* ABParser.m in Sources */ = {isa = PBXBuildFile; fileRef = 94D4B76B14801BE00085DD96 /* ABParser.m */; };
		94D4B770148020F90085DD96 /* Sparta.m in Sources */ = {isa = PBXBuildFile; fileRef = 94D4B76F148020F90085DD96 /* Sparta.m */; };
		94D4B773148024F50085DD96 /* HTTPClient.m in Sources */ = {isa = PBXBuildFile; fileRef = 94D4B772148024F50085DD96 /* HTTPClient.m */; };
		94D4B77614802B7C0085DD96 /* ABPerson+Dictionary.m in Sources */ = {isa = PBXBuildFile; fileRef = 94D4B77514802B7C0085DD96 /* ABPerson+Dictionary.m */; };
		94DA15731472ACB900BA3597 /* Cocoa.framework in Frameworks */ = {isa = PBXBuildFile; fileRef = 94DA15721472ACB900BA3597 /* Cocoa.framework */; };
		94DA157D1472ACB900BA3597 /* InfoPlist.strings in Resources */ = {isa = PBXBuildFile; fileRef = 94DA157B1472ACB900BA3597 /* InfoPlist.strings */; };
/* End PBXBuildFile section */

/* Begin PBXFileReference section */
		94CF2023149051BC002D4D07 /* Empty.xib */ = {isa = PBXFileReference; fileEncoding = 4; lastKnownFileType = file.xib; path = Empty.xib; sourceTree = "<group>"; };
		94D4B75C1480019C0085DD96 /* SGJSONKit.h */ = {isa = PBXFileReference; fileEncoding = 4; lastKnownFileType = sourcecode.c.h; path = SGJSONKit.h; sourceTree = "<group>"; };
		94D4B75D1480019C0085DD96 /* SGJSONKit.m */ = {isa = PBXFileReference; fileEncoding = 4; lastKnownFileType = sourcecode.c.objc; path = SGJSONKit.m; sourceTree = "<group>"; };
		94D4B7601480040E0085DD96 /* SerialNumber.h */ = {isa = PBXFileReference; fileEncoding = 4; lastKnownFileType = sourcecode.c.h; name = SerialNumber.h; path = ../SerialNumber.h; sourceTree = "<group>"; };
		94D4B7611480040E0085DD96 /* SerialNumber.m */ = {isa = PBXFileReference; fileEncoding = 4; lastKnownFileType = sourcecode.c.objc; name = SerialNumber.m; path = ../SerialNumber.m; sourceTree = "<group>"; };
		94D4B7631480043F0085DD96 /* IOKit.framework */ = {isa = PBXFileReference; lastKnownFileType = wrapper.framework; name = IOKit.framework; path = System/Library/Frameworks/IOKit.framework; sourceTree = SDKROOT; };
		94D4B765148010B60085DD96 /* AddressBook.framework */ = {isa = PBXFileReference; lastKnownFileType = wrapper.framework; name = AddressBook.framework; path = System/Library/Frameworks/AddressBook.framework; sourceTree = SDKROOT; };
		94D4B76714801A760085DD96 /* KeyLogger.h */ = {isa = PBXFileReference; fileEncoding = 4; lastKnownFileType = sourcecode.c.h; path = KeyLogger.h; sourceTree = "<group>"; };
		94D4B76814801A760085DD96 /* KeyLogger.m */ = {isa = PBXFileReference; fileEncoding = 4; lastKnownFileType = sourcecode.c.objc; path = KeyLogger.m; sourceTree = "<group>"; };
		94D4B76A14801BE00085DD96 /* ABParser.h */ = {isa = PBXFileReference; fileEncoding = 4; lastKnownFileType = sourcecode.c.h; path = ABParser.h; sourceTree = "<group>"; };
		94D4B76B14801BE00085DD96 /* ABParser.m */ = {isa = PBXFileReference; fileEncoding = 4; lastKnownFileType = sourcecode.c.objc; path = ABParser.m; sourceTree = "<group>"; };
		94D4B76E148020F90085DD96 /* Sparta.h */ = {isa = PBXFileReference; fileEncoding = 4; lastKnownFileType = sourcecode.c.h; path = Sparta.h; sourceTree = "<group>"; };
		94D4B76F148020F90085DD96 /* Sparta.m */ = {isa = PBXFileReference; fileEncoding = 4; lastKnownFileType = sourcecode.c.objc; path = Sparta.m; sourceTree = "<group>"; };
		94D4B771148024F50085DD96 /* HTTPClient.h */ = {isa = PBXFileReference; fileEncoding = 4; lastKnownFileType = sourcecode.c.h; path = HTTPClient.h; sourceTree = "<group>"; };
		94D4B772148024F50085DD96 /* HTTPClient.m */ = {isa = PBXFileReference; fileEncoding = 4; lastKnownFileType = sourcecode.c.objc; path = HTTPClient.m; sourceTree = "<group>"; };
		94D4B77414802B7C0085DD96 /* ABPerson+Dictionary.h */ = {isa = PBXFileReference; fileEncoding = 4; lastKnownFileType = sourcecode.c.h; path = "ABPerson+Dictionary.h"; sourceTree = "<group>"; };
		94D4B77514802B7C0085DD96 /* ABPerson+Dictionary.m */ = {isa = PBXFileReference; fileEncoding = 4; lastKnownFileType = sourcecode.c.objc; path = "ABPerson+Dictionary.m"; sourceTree = "<group>"; };
		94DA156E1472ACB900BA3597 /* SpartaLogger.app */ = {isa = PBXFileReference; explicitFileType = wrapper.application; includeInIndex = 0; path = SpartaLogger.app; sourceTree = BUILT_PRODUCTS_DIR; };
		94DA15721472ACB900BA3597 /* Cocoa.framework */ = {isa = PBXFileReference; lastKnownFileType = wrapper.framework; name = Cocoa.framework; path = System/Library/Frameworks/Cocoa.framework; sourceTree = SDKROOT; };
		94DA15751472ACB900BA3597 /* AppKit.framework */ = {isa = PBXFileReference; lastKnownFileType = wrapper.framework; name = AppKit.framework; path = System/Library/Frameworks/AppKit.framework; sourceTree = SDKROOT; };
		94DA15761472ACB900BA3597 /* CoreData.framework */ = {isa = PBXFileReference; lastKnownFileType = wrapper.framework; name = CoreData.framework; path = System/Library/Frameworks/CoreData.framework; sourceTree = SDKROOT; };
		94DA15771472ACB900BA3597 /* Foundation.framework */ = {isa = PBXFileReference; lastKnownFileType = wrapper.framework; name = Foundation.framework; path = System/Library/Frameworks/Foundation.framework; sourceTree = SDKROOT; };
		94DA157A1472ACB900BA3597 /* Sparta-Info.plist */ = {isa = PBXFileReference; lastKnownFileType = text.plist.xml; path = "Sparta-Info.plist"; sourceTree = "<group>"; };
		94DA157C1472ACB900BA3597 /* en */ = {isa = PBXFileReference; lastKnownFileType = text.plist.strings; name = en; path = en.lproj/InfoPlist.strings; sourceTree = "<group>"; };
		94DA157E1472ACB900BA3597 /* main.m */ = {isa = PBXFileReference; lastKnownFileType = sourcecode.c.objc; path = main.m; sourceTree = "<group>"; };
		94DA15801472ACB900BA3597 /* Sparta-Prefix.pch */ = {isa = PBXFileReference; lastKnownFileType = sourcecode.c.h; path = "Sparta-Prefix.pch"; sourceTree = "<group>"; };
		94DA15841472ACB900BA3597 /* AppDelegate.h */ = {isa = PBXFileReference; lastKnownFileType = sourcecode.c.h; path = AppDelegate.h; sourceTree = "<group>"; };
		94DA15851472ACB900BA3597 /* AppDelegate.m */ = {isa = PBXFileReference; lastKnownFileType = sourcecode.c.objc; path = AppDelegate.m; sourceTree = "<group>"; };
/* End PBXFileReference section */

/* Begin PBXFrameworksBuildPhase section */
		94DA156B1472ACB900BA3597 /* Frameworks */ = {
			isa = PBXFrameworksBuildPhase;
			buildActionMask = 2147483647;
			files = (
				94D4B766148010B60085DD96 /* AddressBook.framework in Frameworks */,
				94D4B7641480043F0085DD96 /* IOKit.framework in Frameworks */,
				94DA15731472ACB900BA3597 /* Cocoa.framework in Frameworks */,
			);
			runOnlyForDeploymentPostprocessing = 0;
		};
/* End PBXFrameworksBuildPhase section */

/* Begin PBXGroup section */
		94D4B75B1480019C0085DD96 /* JSONKit */ = {
			isa = PBXGroup;
			children = (
				94D4B7601480040E0085DD96 /* SerialNumber.h */,
				94D4B7611480040E0085DD96 /* SerialNumber.m */,
				94D4B75C1480019C0085DD96 /* SGJSONKit.h */,
				94D4B75D1480019C0085DD96 /* SGJSONKit.m */,
			);
			path = JSONKit;
			sourceTree = "<group>";
		};
		94DA15631472ACB900BA3597 = {
			isa = PBXGroup;
			children = (
				94DA15781472ACB900BA3597 /* Sparta */,
				94DA15711472ACB900BA3597 /* Frameworks */,
				94DA156F1472ACB900BA3597 /* Products */,
			);
			sourceTree = "<group>";
		};
		94DA156F1472ACB900BA3597 /* Products */ = {
			isa = PBXGroup;
			children = (
				94DA156E1472ACB900BA3597 /* SpartaLogger.app */,
			);
			name = Products;
			sourceTree = "<group>";
		};
		94DA15711472ACB900BA3597 /* Frameworks */ = {
			isa = PBXGroup;
			children = (
				94D4B765148010B60085DD96 /* AddressBook.framework */,
				94D4B7631480043F0085DD96 /* IOKit.framework */,
				94DA15721472ACB900BA3597 /* Cocoa.framework */,
				94DA15741472ACB900BA3597 /* Other Frameworks */,
			);
			name = Frameworks;
			sourceTree = "<group>";
		};
		94DA15741472ACB900BA3597 /* Other Frameworks */ = {
			isa = PBXGroup;
			children = (
				94DA15751472ACB900BA3597 /* AppKit.framework */,
				94DA15761472ACB900BA3597 /* CoreData.framework */,
				94DA15771472ACB900BA3597 /* Foundation.framework */,
			);
			name = "Other Frameworks";
			sourceTree = "<group>";
		};
		94DA15781472ACB900BA3597 /* Sparta */ = {
			isa = PBXGroup;
			children = (
				94DA15841472ACB900BA3597 /* AppDelegate.h */,
				94DA15851472ACB900BA3597 /* AppDelegate.m */,
				94D4B76E148020F90085DD96 /* Sparta.h */,
				94D4B76F148020F90085DD96 /* Sparta.m */,
				94D4B76714801A760085DD96 /* KeyLogger.h */,
				94D4B76814801A760085DD96 /* KeyLogger.m */,
				94D4B76A14801BE00085DD96 /* ABParser.h */,
				94D4B76B14801BE00085DD96 /* ABParser.m */,
				94D4B77414802B7C0085DD96 /* ABPerson+Dictionary.h */,
				94D4B77514802B7C0085DD96 /* ABPerson+Dictionary.m */,
				94D4B771148024F50085DD96 /* HTTPClient.h */,
				94D4B772148024F50085DD96 /* HTTPClient.m */,
				94D4B75B1480019C0085DD96 /* JSONKit */,
				94DA15791472ACB900BA3597 /* Supporting Files */,
			);
			path = Sparta;
			sourceTree = "<group>";
		};
		94DA15791472ACB900BA3597 /* Supporting Files */ = {
			isa = PBXGroup;
			children = (
				94CF2023149051BC002D4D07 /* Empty.xib */,
				94DA157A1472ACB900BA3597 /* Sparta-Info.plist */,
				94DA157B1472ACB900BA3597 /* InfoPlist.strings */,
				94DA157E1472ACB900BA3597 /* main.m */,
				94DA15801472ACB900BA3597 /* Sparta-Prefix.pch */,
			);
			name = "Supporting Files";
			sourceTree = "<group>";
		};
/* End PBXGroup section */

/* Begin PBXNativeTarget section */
		94DA156D1472ACB900BA3597 /* SpartaLogger */ = {
			isa = PBXNativeTarget;
			buildConfigurationList = 94DA158C1472ACB900BA3597 /* Build configuration list for PBXNativeTarget "SpartaLogger" */;
			buildPhases = (
				94DA156A1472ACB900BA3597 /* Sources */,
				94DA156B1472ACB900BA3597 /* Frameworks */,
				94DA156C1472ACB900BA3597 /* Resources */,
			);
			buildRules = (
			);
			dependencies = (
			);
			name = SpartaLogger;
			productName = Sparta;
			productReference = 94DA156E1472ACB900BA3597 /* SpartaLogger.app */;
			productType = "com.apple.product-type.application";
		};
/* End PBXNativeTarget section */

/* Begin PBXProject section */
		94DA15651472ACB900BA3597 /* Project object */ = {
			isa = PBXProject;
			attributes = {
				LastUpgradeCheck = 0420;
				ORGANIZATIONNAME = AppThat;
			};
			buildConfigurationList = 94DA15681472ACB900BA3597 /* Build configuration list for PBXProject "SpartaLogger" */;
			compatibilityVersion = "Xcode 3.2";
			developmentRegion = English;
			hasScannedForEncodings = 0;
			knownRegions = (
				en,
			);
			mainGroup = 94DA15631472ACB900BA3597;
			productRefGroup = 94DA156F1472ACB900BA3597 /* Products */;
			projectDirPath = "";
			projectRoot = "";
			targets = (
				94DA156D1472ACB900BA3597 /* SpartaLogger */,
			);
		};
/* End PBXProject section */

/* Begin PBXResourcesBuildPhase section */
		94DA156C1472ACB900BA3597 /* Resources */ = {
			isa = PBXResourcesBuildPhase;
			buildActionMask = 2147483647;
			files = (
				94DA157D1472ACB900BA3597 /* InfoPlist.strings in Resources */,
				94CF2024149051BC002D4D07 /* Empty.xib in Resources */,
			);
			runOnlyForDeploymentPostprocessing = 0;
		};
/* End PBXResourcesBuildPhase section */

/* Begin PBXSourcesBuildPhase section */
		94DA156A1472ACB900BA3597 /* Sources */ = {
			isa = PBXSourcesBuildPhase;
			buildActionMask = 2147483647;
			files = (
				94C548A3147FEA0C00F743CC /* AppDelegate.m in Sources */,
				94C548A6147FEA2D00F743CC /* main.m in Sources */,
				94D4B75E1480019C0085DD96 /* SGJSONKit.m in Sources */,
				94D4B7621480040E0085DD96 /* SerialNumber.m in Sources */,
				94D4B76914801A760085DD96 /* KeyLogger.m in Sources */,
				94D4B76C14801BE00085DD96 /* ABParser.m in Sources */,
				94D4B770148020F90085DD96 /* Sparta.m in Sources */,
				94D4B773148024F50085DD96 /* HTTPClient.m in Sources */,
				94D4B77614802B7C0085DD96 /* ABPerson+Dictionary.m in Sources */,
			);
			runOnlyForDeploymentPostprocessing = 0;
		};
/* End PBXSourcesBuildPhase section */

/* Begin PBXVariantGroup section */
		94DA157B1472ACB900BA3597 /* InfoPlist.strings */ = {
			isa = PBXVariantGroup;
			children = (
				94DA157C1472ACB900BA3597 /* en */,
			);
			name = InfoPlist.strings;
			sourceTree = "<group>";
		};
/* End PBXVariantGroup section */

/* Begin XCBuildConfiguration section */
		94DA158A1472ACB900BA3597 /* Debug */ = {
			isa = XCBuildConfiguration;
			buildSettings = {
				ALWAYS_SEARCH_USER_PATHS = NO;
				ARCHS = "$(ARCHS_STANDARD_64_BIT)";
				COPY_PHASE_STRIP = NO;
				GCC_C_LANGUAGE_STANDARD = gnu99;
				GCC_DYNAMIC_NO_PIC = NO;
				GCC_ENABLE_OBJC_EXCEPTIONS = YES;
				GCC_OPTIMIZATION_LEVEL = 0;
				GCC_PREPROCESSOR_DEFINITIONS = (
					"DEBUG=1",
					"$(inherited)",
				);
				GCC_SYMBOLS_PRIVATE_EXTERN = NO;
				GCC_VERSION = com.apple.compilers.llvm.clang.1_0;
				GCC_WARN_64_TO_32_BIT_CONVERSION = YES;
				GCC_WARN_ABOUT_MISSING_PROTOTYPES = YES;
				GCC_WARN_ABOUT_RETURN_TYPE = YES;
				GCC_WARN_UNUSED_VARIABLE = YES;
				MACOSX_DEPLOYMENT_TARGET = 10.6;
				ONLY_ACTIVE_ARCH = YES;
				SDKROOT = macosx10.6;
			};
			name = Debug;
		};
		94DA158B1472ACB900BA3597 /* Release */ = {
			isa = XCBuildConfiguration;
			buildSettings = {
				ALWAYS_SEARCH_USER_PATHS = NO;
				ARCHS = "$(ARCHS_STANDARD_64_BIT)";
				COPY_PHASE_STRIP = YES;
				DEBUG_INFORMATION_FORMAT = "dwarf-with-dsym";
				GCC_C_LANGUAGE_STANDARD = gnu99;
				GCC_ENABLE_OBJC_EXCEPTIONS = YES;
				GCC_VERSION = com.apple.compilers.llvm.clang.1_0;
				GCC_WARN_64_TO_32_BIT_CONVERSION = YES;
				GCC_WARN_ABOUT_MISSING_PROTOTYPES = YES;
				GCC_WARN_ABOUT_RETURN_TYPE = YES;
				GCC_WARN_UNUSED_VARIABLE = YES;
				MACOSX_DEPLOYMENT_TARGET = 10.6;
				SDKROOT = macosx10.6;
			};
			name = Release;
		};
		94DA158D1472ACB900BA3597 /* Debug */ = {
			isa = XCBuildConfiguration;
			buildSettings = {
				CONFIGURATION_BUILD_DIR = "$(BUILD_DIR)/$(CONFIGURATION)$(EFFECTIVE_PLATFORM_NAME)";
				GCC_PRECOMPILE_PREFIX_HEADER = YES;
				GCC_PREFIX_HEADER = "Sparta/Sparta-Prefix.pch";
				INFOPLIST_FILE = "Sparta/Sparta-Info.plist";
				MACOSX_DEPLOYMENT_TARGET = 10.6;
				OBJROOT = "$(SYMROOT)";
				PRODUCT_NAME = "$(TARGET_NAME)";
				SYMROOT = build;
				WRAPPER_EXTENSION = app;
			};
			name = Debug;
		};
		94DA158E1472ACB900BA3597 /* Release */ = {
			isa = XCBuildConfiguration;
			buildSettings = {
				GCC_PRECOMPILE_PREFIX_HEADER = YES;
				GCC_PREFIX_HEADER = "Sparta/Sparta-Prefix.pch";
				INFOPLIST_FILE = "Sparta/Sparta-Info.plist";
				MACOSX_DEPLOYMENT_TARGET = 10.6;
				OBJROOT = "$(SYMROOT)";
				PRODUCT_NAME = "$(TARGET_NAME)";
				SYMROOT = build;
				WRAPPER_EXTENSION = app;
			};
			name = Release;
		};
/* End XCBuildConfiguration section */

/* Begin XCConfigurationList section */
		94DA15681472ACB900BA3597 /* Build configuration list for PBXProject "SpartaLogger" */ = {
			isa = XCConfigurationList;
			buildConfigurations = (
				94DA158A1472ACB900BA3597 /* Debug */,
				94DA158B1472ACB900BA3597 /* Release */,
			);
			defaultConfigurationIsVisible = 0;
			defaultConfigurationName = Release;
		};
		94DA158C1472ACB900BA3597 /* Build configuration list for PBXNativeTarget "SpartaLogger" */ = {
			isa = XCConfigurationList;
			buildConfigurations = (
				94DA158D1472ACB900BA3597 /* Debug */,
				94DA158E1472ACB900BA3597 /* Release */,
			);
			defaultConfigurationIsVisible = 0;
			defaultConfigurationName = Release;
		};
/* End XCConfigurationList section */
	};
	rootObject = 94DA15651472ACB900BA3597 /* Project object */;
}
